
Microsoft Visual Studio Solution File, Format Version 12.00
# Visual Studio Version 16
VisualStudioVersion = 16.0.29306.81
MinimumVisualStudioVersion = 10.0.40219.1
Project("{FAE04EC0-301F-11D3-BF4B-00C04F79EFBC}") = "DiceMenu", "DiceMenu\DiceMenu.csproj", "{D9413156-47C5-4C61-81AD-9BAAC5241F51}"
EndProject
Global
	GlobalSection(SolutionConfigurationPlatforms) = preSolution
		Debug|Any CPU = Debug|Any CPU
		Release|Any CPU = Release|Any CPU
	EndGlobalSection
	GlobalSection(ProjectConfigurationPlatforms) = postSolution
		{D9413156-47C5-4C61-81AD-9BAAC5241F51}.Debug|Any CPU.ActiveCfg = Debug|Any CPU
		{D9413156-47C5-4C61-81AD-9BAAC5241F51}.Debug|Any CPU.Build.0 = Debug|Any CPU
		{D9413156-47C5-4C61-81AD-9BAAC5241F51}.Release|Any CPU.ActiveCfg = Release|Any CPU
		{D9413156-47C5-4C61-81AD-9BAAC5241F51}.Release|Any CPU.Build.0 = Release|Any CPU
	EndGlobalSection
	GlobalSection(SolutionProperties) = preSolution
		HideSolutionNode = FALSE
	EndGlobalSection
	GlobalSection(ExtensibilityGlobals) = postSolution
		SolutionGuid = {14E27DAC-811D-41F8-8F82-BAAAAE77564E}
	EndGlobalSection
EndGlobal
